
Microsoft Visual Studio Solution File, Format Version 12.00
# Visual Studio Version 17
VisualStudioVersion = 17.14.36518.9
MinimumVisualStudioVersion = 10.0.40219.1
Project("{FAE04EC0-301F-11D3-BF4B-00C04F79EFBC}") = "DrawFigureApp", "DrawFigureApp\DrawFigureApp.csproj", "{97DD180C-873B-47CF-A200-0B4B1C34C583}"
EndProject
Project("{FAE04EC0-301F-11D3-BF4B-00C04F79EFBC}") = "DrawFigureLibrary", "DrawFigureLibrary\DrawFigureLibrary.csproj", "{1C1A2325-BFB4-4C1F-AEFE-26095A5975E1}"
EndProject
Global
	GlobalSection(SolutionConfigurationPlatforms) = preSolution
		Debug|Any CPU = Debug|Any CPU
		Release|Any CPU = Release|Any CPU
	EndGlobalSection
	GlobalSection(ProjectConfigurationPlatforms) = postSolution
		{97DD180C-873B-47CF-A200-0B4B1C34C583}.Debug|Any CPU.ActiveCfg = Debug|Any CPU
		{97DD180C-873B-47CF-A200-0B4B1C34C583}.Debug|Any CPU.Build.0 = Debug|Any CPU
		{97DD180C-873B-47CF-A200-0B4B1C34C583}.Release|Any CPU.ActiveCfg = Release|Any CPU
		{97DD180C-873B-47CF-A200-0B4B1C34C583}.Release|Any CPU.Build.0 = Release|Any CPU
		{1C1A2325-BFB4-4C1F-AEFE-26095A5975E1}.Debug|Any CPU.ActiveCfg = Debug|Any CPU
		{1C1A2325-BFB4-4C1F-AEFE-26095A5975E1}.Debug|Any CPU.Build.0 = Debug|Any CPU
		{1C1A2325-BFB4-4C1F-AEFE-26095A5975E1}.Release|Any CPU.ActiveCfg = Release|Any CPU
		{1C1A2325-BFB4-4C1F-AEFE-26095A5975E1}.Release|Any CPU.Build.0 = Release|Any CPU
	EndGlobalSection
	GlobalSection(SolutionProperties) = preSolution
		HideSolutionNode = FALSE
	EndGlobalSection
	GlobalSection(ExtensibilityGlobals) = postSolution
		SolutionGuid = {3A89652C-5B53-4B45-AB67-142A745BA478}
	EndGlobalSection
EndGlobal
